
Microsoft Visual Studio Solution File, Format Version 12.00
# Visual Studio Version 16
VisualStudioVersion = 16.0.32106.194
MinimumVisualStudioVersion = 10.0.40219.1
Project("{FAE04EC0-301F-11D3-BF4B-00C04F79EFBC}") = "TestsGenerator", "TestsGenerator\TestsGenerator.csproj", "{77B45519-73C7-4344-ABBB-D2382628A160}"
EndProject
Global
	GlobalSection(SolutionConfigurationPlatforms) = preSolution
		Debug|Any CPU = Debug|Any CPU
		Release|Any CPU = Release|Any CPU
	EndGlobalSection
	GlobalSection(ProjectConfigurationPlatforms) = postSolution
		{77B45519-73C7-4344-ABBB-D2382628A160}.Debug|Any CPU.ActiveCfg = Debug|Any CPU
		{77B45519-73C7-4344-ABBB-D2382628A160}.Debug|Any CPU.Build.0 = Debug|Any CPU
		{77B45519-73C7-4344-ABBB-D2382628A160}.Release|Any CPU.ActiveCfg = Release|Any CPU
		{77B45519-73C7-4344-ABBB-D2382628A160}.Release|Any CPU.Build.0 = Release|Any CPU
	EndGlobalSection
	GlobalSection(SolutionProperties) = preSolution
		HideSolutionNode = FALSE
	EndGlobalSection
	GlobalSection(ExtensibilityGlobals) = postSolution
		SolutionGuid = {72211C0A-99EE-450C-A762-91AC7ABAE382}
	EndGlobalSection
EndGlobal
